
Microsoft Visual Studio Solution File, Format Version 12.00
# Visual Studio 2013
VisualStudioVersion = 12.0.20827.3
MinimumVisualStudioVersion = 10.0.40219.1
Project("{FAE04EC0-301F-11D3-BF4B-00C04F79EFBC}") = "ExemploConsole-PrivateObject", "ExemploConsole-PrivateObject\ExemploConsole-PrivateObject.csproj", "{86B6D8C8-3570-4F6C-8662-62FBE79B84EC}"
EndProject
Project("{FAE04EC0-301F-11D3-BF4B-00C04F79EFBC}") = "ProjetoDeUnitTests", "ProjetoDeUnitTests\ProjetoDeUnitTests.csproj", "{2DC5709F-017D-4995-8234-889F5DB978FE}"
EndProject
Global
	GlobalSection(SolutionConfigurationPlatforms) = preSolution
		Debug|Any CPU = Debug|Any CPU
		Release|Any CPU = Release|Any CPU
	EndGlobalSection
	GlobalSection(ProjectConfigurationPlatforms) = postSolution
		{86B6D8C8-3570-4F6C-8662-62FBE79B84EC}.Debug|Any CPU.ActiveCfg = Debug|Any CPU
		{86B6D8C8-3570-4F6C-8662-62FBE79B84EC}.Debug|Any CPU.Build.0 = Debug|Any CPU
		{86B6D8C8-3570-4F6C-8662-62FBE79B84EC}.Release|Any CPU.ActiveCfg = Release|Any CPU
		{86B6D8C8-3570-4F6C-8662-62FBE79B84EC}.Release|Any CPU.Build.0 = Release|Any CPU
		{2DC5709F-017D-4995-8234-889F5DB978FE}.Debug|Any CPU.ActiveCfg = Debug|Any CPU
		{2DC5709F-017D-4995-8234-889F5DB978FE}.Debug|Any CPU.Build.0 = Debug|Any CPU
		{2DC5709F-017D-4995-8234-889F5DB978FE}.Release|Any CPU.ActiveCfg = Release|Any CPU
		{2DC5709F-017D-4995-8234-889F5DB978FE}.Release|Any CPU.Build.0 = Release|Any CPU
	EndGlobalSection
	GlobalSection(SolutionProperties) = preSolution
		HideSolutionNode = FALSE
	EndGlobalSection
EndGlobal
